
Microsoft Visual Studio Solution File, Format Version 12.00
# Visual Studio Express 2012 for Web
Project("{FAE04EC0-301F-11D3-BF4B-00C04F79EFBC}") = "InformacionValidacionSubirArchivo", "wpfLDAP\InformacionValidacionSubirArchivo.csproj", "{ED4C2708-DAE6-449C-A248-08A1188EE197}"
EndProject
Project("{FAE04EC0-301F-11D3-BF4B-00C04F79EFBC}") = "Datos", "Datos\Datos.csproj", "{741B0B26-1C71-4152-952F-004E458302C7}"
EndProject
Project("{FAE04EC0-301F-11D3-BF4B-00C04F79EFBC}") = "Entidades", "Entidades\Entidades.csproj", "{5545686E-BC51-447A-A49A-25D24B128BA0}"
EndProject
Project("{FAE04EC0-301F-11D3-BF4B-00C04F79EFBC}") = "Negocios", "Negocios\Negocios.csproj", "{FDDA95EF-2D0D-41A6-B6B1-E7235DDAC082}"
EndProject
Project("{FAE04EC0-301F-11D3-BF4B-00C04F79EFBC}") = "aa_sinteg_proy", "sinteg_proy\aa_sinteg_proy.csproj", "{1548B24C-1081-4417-9A34-11E4D47B007F}"
EndProject
Global
	GlobalSection(SolutionConfigurationPlatforms) = preSolution
		Debug|Any CPU = Debug|Any CPU
		Release|Any CPU = Release|Any CPU
	EndGlobalSection
	GlobalSection(ProjectConfigurationPlatforms) = postSolution
		{ED4C2708-DAE6-449C-A248-08A1188EE197}.Debug|Any CPU.ActiveCfg = Debug|Any CPU
		{ED4C2708-DAE6-449C-A248-08A1188EE197}.Debug|Any CPU.Build.0 = Debug|Any CPU
		{ED4C2708-DAE6-449C-A248-08A1188EE197}.Release|Any CPU.ActiveCfg = Release|Any CPU
		{ED4C2708-DAE6-449C-A248-08A1188EE197}.Release|Any CPU.Build.0 = Release|Any CPU
		{741B0B26-1C71-4152-952F-004E458302C7}.Debug|Any CPU.ActiveCfg = Debug|Any CPU
		{741B0B26-1C71-4152-952F-004E458302C7}.Debug|Any CPU.Build.0 = Debug|Any CPU
		{741B0B26-1C71-4152-952F-004E458302C7}.Release|Any CPU.ActiveCfg = Release|Any CPU
		{741B0B26-1C71-4152-952F-004E458302C7}.Release|Any CPU.Build.0 = Release|Any CPU
		{5545686E-BC51-447A-A49A-25D24B128BA0}.Debug|Any CPU.ActiveCfg = Debug|Any CPU
		{5545686E-BC51-447A-A49A-25D24B128BA0}.Debug|Any CPU.Build.0 = Debug|Any CPU
		{5545686E-BC51-447A-A49A-25D24B128BA0}.Release|Any CPU.ActiveCfg = Release|Any CPU
		{5545686E-BC51-447A-A49A-25D24B128BA0}.Release|Any CPU.Build.0 = Release|Any CPU
		{FDDA95EF-2D0D-41A6-B6B1-E7235DDAC082}.Debug|Any CPU.ActiveCfg = Debug|Any CPU
		{FDDA95EF-2D0D-41A6-B6B1-E7235DDAC082}.Debug|Any CPU.Build.0 = Debug|Any CPU
		{FDDA95EF-2D0D-41A6-B6B1-E7235DDAC082}.Release|Any CPU.ActiveCfg = Release|Any CPU
		{FDDA95EF-2D0D-41A6-B6B1-E7235DDAC082}.Release|Any CPU.Build.0 = Release|Any CPU
		{1548B24C-1081-4417-9A34-11E4D47B007F}.Debug|Any CPU.ActiveCfg = Debug|Any CPU
		{1548B24C-1081-4417-9A34-11E4D47B007F}.Debug|Any CPU.Build.0 = Debug|Any CPU
		{1548B24C-1081-4417-9A34-11E4D47B007F}.Release|Any CPU.ActiveCfg = Release|Any CPU
		{1548B24C-1081-4417-9A34-11E4D47B007F}.Release|Any CPU.Build.0 = Release|Any CPU
	EndGlobalSection
	GlobalSection(SolutionProperties) = preSolution
		HideSolutionNode = FALSE
	EndGlobalSection
EndGlobal
